
Microsoft Visual Studio Solution File, Format Version 12.00
# Visual Studio Version 16
VisualStudioVersion = 16.0.33027.164
MinimumVisualStudioVersion = 10.0.40219.1
Project("{9A19103F-16F7-4668-BE54-9A1E7A4F7556}") = "CoreBot", "13.core-bot\CoreBot.csproj", "{BEFF76DE-135B-4F4C-AF01-BF11F98B2222}"
EndProject
Project("{9A19103F-16F7-4668-BE54-9A1E7A4F7556}") = "CoreBot.Tests", "13.core-bot.tests\CoreBot.Tests.csproj", "{B33CDD54-5262-4F5B-AA60-BC59B016C255}"
EndProject
Global
	GlobalSection(SolutionConfigurationPlatforms) = preSolution
		Debug|Any CPU = Debug|Any CPU
		Release|Any CPU = Release|Any CPU
	EndGlobalSection
	GlobalSection(ProjectConfigurationPlatforms) = postSolution
		{BEFF76DE-135B-4F4C-AF01-BF11F98B2222}.Debug|Any CPU.ActiveCfg = Debug|Any CPU
		{BEFF76DE-135B-4F4C-AF01-BF11F98B2222}.Debug|Any CPU.Build.0 = Debug|Any CPU
		{BEFF76DE-135B-4F4C-AF01-BF11F98B2222}.Release|Any CPU.ActiveCfg = Release|Any CPU
		{BEFF76DE-135B-4F4C-AF01-BF11F98B2222}.Release|Any CPU.Build.0 = Release|Any CPU
		{B33CDD54-5262-4F5B-AA60-BC59B016C255}.Debug|Any CPU.ActiveCfg = Debug|Any CPU
		{B33CDD54-5262-4F5B-AA60-BC59B016C255}.Debug|Any CPU.Build.0 = Debug|Any CPU
		{B33CDD54-5262-4F5B-AA60-BC59B016C255}.Release|Any CPU.ActiveCfg = Release|Any CPU
		{B33CDD54-5262-4F5B-AA60-BC59B016C255}.Release|Any CPU.Build.0 = Release|Any CPU
	EndGlobalSection
	GlobalSection(SolutionProperties) = preSolution
		HideSolutionNode = FALSE
	EndGlobalSection
	GlobalSection(ExtensibilityGlobals) = postSolution
		SolutionGuid = {28DFDF8B-FD2B-4403-9143-F6B5A3F56EE5}
	EndGlobalSection
EndGlobal
